
Microsoft Visual Studio Solution File, Format Version 12.00
# Visual Studio 14
VisualStudioVersion = 14.0.25420.1
MinimumVisualStudioVersion = 10.0.40219.1
Project("{F2A71F9B-5D33-465A-A702-920D77279786}") = "Persimmon.Juice", "Persimmon.Juice\Persimmon.Juice.fsproj", "{07F054D8-CA9A-4C61-8F1A-0F5580C670D3}"
EndProject
Project("{2150E333-8FDC-42A3-9474-1A3956D46DE8}") = ".paket", ".paket", "{C979D68D-FA91-4875-A7B5-1CC92F3C2B25}"
	ProjectSection(SolutionItems) = preProject
		paket.dependencies = paket.dependencies
		paket.lock = paket.lock
	EndProjectSection
EndProject
Global
	GlobalSection(SolutionConfigurationPlatforms) = preSolution
		Debug|Any CPU = Debug|Any CPU
		Release|Any CPU = Release|Any CPU
	EndGlobalSection
	GlobalSection(ProjectConfigurationPlatforms) = postSolution
		{07F054D8-CA9A-4C61-8F1A-0F5580C670D3}.Debug|Any CPU.ActiveCfg = Debug|Any CPU
		{07F054D8-CA9A-4C61-8F1A-0F5580C670D3}.Debug|Any CPU.Build.0 = Debug|Any CPU
		{07F054D8-CA9A-4C61-8F1A-0F5580C670D3}.Release|Any CPU.ActiveCfg = Release|Any CPU
		{07F054D8-CA9A-4C61-8F1A-0F5580C670D3}.Release|Any CPU.Build.0 = Release|Any CPU
	EndGlobalSection
	GlobalSection(SolutionProperties) = preSolution
		HideSolutionNode = FALSE
	EndGlobalSection
EndGlobal
